{
  "name": "gymnasium-otterndorf-website",
  "requires": true,
  "lockfileVersion": 1,
  "dependencies": {
    "yarn": {
      "version": "2.4.3",
      "resolved": "https://registry.npmjs.org/yarn/-/yarn-2.4.3.tgz",
      "integrity": "sha512-HQ8VJL8v1Tlq+VVzcohmYw7dHtZ6VUB4/b2oHRGQc6Xv00AQjVk4C6cyqu4iHRI4esfgIi8S9doOm1d3Z3MlPA=="
    }
  }
}
